
Microsoft Visual Studio Solution File, Format Version 12.00
# Visual Studio Version 17
VisualStudioVersion = 17.0.31903.59
MinimumVisualStudioVersion = 10.0.40219.1
Project("{2150E333-8FDC-42A3-9474-1A3956D46DE8}") = "src", "src", "{334455EB-21DC-4847-A5B9-624DF8A8F7DA}"
EndProject
Project("{2150E333-8FDC-42A3-9474-1A3956D46DE8}") = "Client", "Client", "{AA711077-79DB-4821-8BC9-165632D0E223}"
EndProject
Project("{FAE04EC0-301F-11D3-BF4B-00C04F79EFBC}") = "Mango.Client.Web", "src\Client\Mango.Client.Web\Mango.Client.Web.csproj", "{63827082-0683-4518-8BFE-CF03DDAA24B5}"
EndProject
Project("{2150E333-8FDC-42A3-9474-1A3956D46DE8}") = "Common", "Common", "{2988E9D9-610D-4CF9-870D-18CB50605A0E}"
EndProject
Project("{FAE04EC0-301F-11D3-BF4B-00C04F79EFBC}") = "Mango.Common.Shared", "src\Common\Mango.Common.Shared\Mango.Common.Shared.csproj", "{E672229F-AF3A-4136-9936-41ACFB598EFC}"
EndProject
Project("{2150E333-8FDC-42A3-9474-1A3956D46DE8}") = "IdentityProvider", "IdentityProvider", "{8E9346AD-0BC2-438F-82A9-8F2E3D6FB03D}"
EndProject
Project("{FAE04EC0-301F-11D3-BF4B-00C04F79EFBC}") = "Mango.IdentityProvider.Web", "src\IdentityProvider\Mango.IdentityProvider.Web\Mango.IdentityProvider.Web.csproj", "{6453537E-4855-4873-B22C-3EB1A5DF6BC2}"
EndProject
Project("{2150E333-8FDC-42A3-9474-1A3956D46DE8}") = "Service", "Service", "{CB1E021D-2E24-4A2A-A6D7-F69C94B954D9}"
EndProject
Project("{2150E333-8FDC-42A3-9474-1A3956D46DE8}") = "Coupon", "Coupon", "{C33D35DC-10B1-4947-9F3E-E7DEDCC427D3}"
EndProject
Project("{FAE04EC0-301F-11D3-BF4B-00C04F79EFBC}") = "Mango.Service.Coupon.Web", "src\Service\Coupon\Mango.Service.Coupon.Web\Mango.Service.Coupon.Web.csproj", "{0DEDC2F9-DD20-4D53-B10F-F2BE3B1DD35D}"
EndProject
Global
	GlobalSection(SolutionConfigurationPlatforms) = preSolution
		Debug|Any CPU = Debug|Any CPU
		Release|Any CPU = Release|Any CPU
	EndGlobalSection
	GlobalSection(SolutionProperties) = preSolution
		HideSolutionNode = FALSE
	EndGlobalSection
	GlobalSection(ProjectConfigurationPlatforms) = postSolution
		{63827082-0683-4518-8BFE-CF03DDAA24B5}.Debug|Any CPU.ActiveCfg = Debug|Any CPU
		{63827082-0683-4518-8BFE-CF03DDAA24B5}.Debug|Any CPU.Build.0 = Debug|Any CPU
		{63827082-0683-4518-8BFE-CF03DDAA24B5}.Release|Any CPU.ActiveCfg = Release|Any CPU
		{63827082-0683-4518-8BFE-CF03DDAA24B5}.Release|Any CPU.Build.0 = Release|Any CPU
		{E672229F-AF3A-4136-9936-41ACFB598EFC}.Debug|Any CPU.ActiveCfg = Debug|Any CPU
		{E672229F-AF3A-4136-9936-41ACFB598EFC}.Debug|Any CPU.Build.0 = Debug|Any CPU
		{E672229F-AF3A-4136-9936-41ACFB598EFC}.Release|Any CPU.ActiveCfg = Release|Any CPU
		{E672229F-AF3A-4136-9936-41ACFB598EFC}.Release|Any CPU.Build.0 = Release|Any CPU
		{6453537E-4855-4873-B22C-3EB1A5DF6BC2}.Debug|Any CPU.ActiveCfg = Debug|Any CPU
		{6453537E-4855-4873-B22C-3EB1A5DF6BC2}.Debug|Any CPU.Build.0 = Debug|Any CPU
		{6453537E-4855-4873-B22C-3EB1A5DF6BC2}.Release|Any CPU.ActiveCfg = Release|Any CPU
		{6453537E-4855-4873-B22C-3EB1A5DF6BC2}.Release|Any CPU.Build.0 = Release|Any CPU
		{0DEDC2F9-DD20-4D53-B10F-F2BE3B1DD35D}.Debug|Any CPU.ActiveCfg = Debug|Any CPU
		{0DEDC2F9-DD20-4D53-B10F-F2BE3B1DD35D}.Debug|Any CPU.Build.0 = Debug|Any CPU
		{0DEDC2F9-DD20-4D53-B10F-F2BE3B1DD35D}.Release|Any CPU.ActiveCfg = Release|Any CPU
		{0DEDC2F9-DD20-4D53-B10F-F2BE3B1DD35D}.Release|Any CPU.Build.0 = Release|Any CPU
	EndGlobalSection
	GlobalSection(NestedProjects) = preSolution
		{AA711077-79DB-4821-8BC9-165632D0E223} = {334455EB-21DC-4847-A5B9-624DF8A8F7DA}
		{63827082-0683-4518-8BFE-CF03DDAA24B5} = {AA711077-79DB-4821-8BC9-165632D0E223}
		{2988E9D9-610D-4CF9-870D-18CB50605A0E} = {334455EB-21DC-4847-A5B9-624DF8A8F7DA}
		{E672229F-AF3A-4136-9936-41ACFB598EFC} = {2988E9D9-610D-4CF9-870D-18CB50605A0E}
		{8E9346AD-0BC2-438F-82A9-8F2E3D6FB03D} = {334455EB-21DC-4847-A5B9-624DF8A8F7DA}
		{6453537E-4855-4873-B22C-3EB1A5DF6BC2} = {8E9346AD-0BC2-438F-82A9-8F2E3D6FB03D}
		{CB1E021D-2E24-4A2A-A6D7-F69C94B954D9} = {334455EB-21DC-4847-A5B9-624DF8A8F7DA}
		{C33D35DC-10B1-4947-9F3E-E7DEDCC427D3} = {CB1E021D-2E24-4A2A-A6D7-F69C94B954D9}
		{0DEDC2F9-DD20-4D53-B10F-F2BE3B1DD35D} = {C33D35DC-10B1-4947-9F3E-E7DEDCC427D3}
	EndGlobalSection
EndGlobal
